Microsoft Visual Studio Solution File, Format Version 12.00
# Visual Studio 2013
VisualStudioVersion = 12.0.30723.0
MinimumVisualStudioVersion = 10.0.40219.1
Project("{2150E333-8FDC-42A3-9474-1A3956D46DE8}") = ".paket", ".paket", "{6382DB39-BBF3-4137-8644-6C915F279363}"
	ProjectSection(SolutionItems) = preProject
		.paket\paket.bootstrapper.exe = .paket\paket.bootstrapper.exe
		paket.dependencies = paket.dependencies
		paket.lock = paket.lock
		.paket\paket.targets = .paket\paket.targets
	EndProjectSection
EndProject
Project("{F2A71F9B-5D33-465A-A702-920D77279786}") = "MBrace.Core", "src\MBrace.Core\MBrace.Core.fsproj", "{80182C04-6E3C-486A-B3BF-0E617A837105}"
EndProject
Project("{2150E333-8FDC-42A3-9474-1A3956D46DE8}") = "tests", "tests", "{3BA6F0DC-9759-458C-B50D-CF31BBE68B42}"
EndProject
Project("{F2A71F9B-5D33-465A-A702-920D77279786}") = "MBrace.Core.Tests", "tests\MBrace.Core.Tests\MBrace.Core.Tests.fsproj", "{0C3966D4-2C78-4DCF-B84B-73809F3F51BC}"
EndProject
Project("{2150E333-8FDC-42A3-9474-1A3956D46DE8}") = "project", "project", "{9E6D05F7-4934-49C3-99E7-B935D40F7245}"
	ProjectSection(SolutionItems) = preProject
		.travis.yml = .travis.yml
		appveyor.yml = appveyor.yml
		build.cmd = build.cmd
		build.fsx = build.fsx
		build.sh = build.sh
		README.md = README.md
		RELEASE_NOTES.md = RELEASE_NOTES.md
	EndProjectSection
EndProject
Project("{F2A71F9B-5D33-465A-A702-920D77279786}") = "MBrace.SampleRuntime", "tests\MBrace.Remote.Client\MBrace.SampleRuntime.fsproj", "{F95EA755-FBE4-44FC-8945-313B46BF6920}"
EndProject
Global
	GlobalSection(SolutionConfigurationPlatforms) = preSolution
		Debug|Any CPU = Debug|Any CPU
		Release|Any CPU = Release|Any CPU
	EndGlobalSection
	GlobalSection(ProjectConfigurationPlatforms) = postSolution
		{80182C04-6E3C-486A-B3BF-0E617A837105}.Debug|Any CPU.ActiveCfg = Debug|Any CPU
		{80182C04-6E3C-486A-B3BF-0E617A837105}.Debug|Any CPU.Build.0 = Debug|Any CPU
		{80182C04-6E3C-486A-B3BF-0E617A837105}.Release|Any CPU.ActiveCfg = Release|Any CPU
		{80182C04-6E3C-486A-B3BF-0E617A837105}.Release|Any CPU.Build.0 = Release|Any CPU
		{0C3966D4-2C78-4DCF-B84B-73809F3F51BC}.Debug|Any CPU.ActiveCfg = Debug|Any CPU
		{0C3966D4-2C78-4DCF-B84B-73809F3F51BC}.Debug|Any CPU.Build.0 = Debug|Any CPU
		{0C3966D4-2C78-4DCF-B84B-73809F3F51BC}.Release|Any CPU.ActiveCfg = Release|Any CPU
		{0C3966D4-2C78-4DCF-B84B-73809F3F51BC}.Release|Any CPU.Build.0 = Release|Any CPU
		{F95EA755-FBE4-44FC-8945-313B46BF6920}.Debug|Any CPU.ActiveCfg = Debug|Any CPU
		{F95EA755-FBE4-44FC-8945-313B46BF6920}.Debug|Any CPU.Build.0 = Debug|Any CPU
		{F95EA755-FBE4-44FC-8945-313B46BF6920}.Release|Any CPU.ActiveCfg = Release|Any CPU
		{F95EA755-FBE4-44FC-8945-313B46BF6920}.Release|Any CPU.Build.0 = Release|Any CPU
	EndGlobalSection
	GlobalSection(SolutionProperties) = preSolution
		HideSolutionNode = FALSE
	EndGlobalSection
	GlobalSection(NestedProjects) = preSolution
		{6382DB39-BBF3-4137-8644-6C915F279363} = {9E6D05F7-4934-49C3-99E7-B935D40F7245}
		{0C3966D4-2C78-4DCF-B84B-73809F3F51BC} = {3BA6F0DC-9759-458C-B50D-CF31BBE68B42}
		{F95EA755-FBE4-44FC-8945-313B46BF6920} = {3BA6F0DC-9759-458C-B50D-CF31BBE68B42}
	EndGlobalSection
EndGlobal
